
Microsoft Visual Studio Solution File, Format Version 12.00
# Visual Studio 15
VisualStudioVersion = 15.0.27428.2015
MinimumVisualStudioVersion = 10.0.40219.1
Project("{FAE04EC0-301F-11D3-BF4B-00C04F79EFBC}") = "Szachy cSharp", "Szachy cSharp\Szachy cSharp.csproj", "{4B6698ED-CEB8-4006-9315-D414CFC574F4}"
EndProject
Global
	GlobalSection(SolutionConfigurationPlatforms) = preSolution
		Debug|Any CPU = Debug|Any CPU
		Release|Any CPU = Release|Any CPU
	EndGlobalSection
	GlobalSection(ProjectConfigurationPlatforms) = postSolution
		{4B6698ED-CEB8-4006-9315-D414CFC574F4}.Debug|Any CPU.ActiveCfg = Debug|Any CPU
		{4B6698ED-CEB8-4006-9315-D414CFC574F4}.Debug|Any CPU.Build.0 = Debug|Any CPU
		{4B6698ED-CEB8-4006-9315-D414CFC574F4}.Release|Any CPU.ActiveCfg = Release|Any CPU
		{4B6698ED-CEB8-4006-9315-D414CFC574F4}.Release|Any CPU.Build.0 = Release|Any CPU
	EndGlobalSection
	GlobalSection(SolutionProperties) = preSolution
		HideSolutionNode = FALSE
	EndGlobalSection
	GlobalSection(ExtensibilityGlobals) = postSolution
		SolutionGuid = {976CAEEC-8CE3-404B-8BFA-BBD21A3495F1}
	EndGlobalSection
EndGlobal
